
Microsoft Visual Studio Solution File, Format Version 12.00
# Visual Studio Version 16
VisualStudioVersion = 16.0.30309.148
MinimumVisualStudioVersion = 10.0.40219.1
Project("{FAE04EC0-301F-11D3-BF4B-00C04F79EFBC}") = "Zoo.Bootstrap", "Zoo.Bootstrap\Zoo.Bootstrap.csproj", "{1D7D22B3-FD11-432D-8AD9-AE79BB556E50}"
EndProject
Project("{FAE04EC0-301F-11D3-BF4B-00C04F79EFBC}") = "Zoo.SDK", "Zoo.SDK\Zoo.SDK.csproj", "{A2F2D95A-B433-477F-A916-123F2D160697}"
EndProject
Global
	GlobalSection(SolutionConfigurationPlatforms) = preSolution
		Debug|Any CPU = Debug|Any CPU
		Release|Any CPU = Release|Any CPU
	EndGlobalSection
	GlobalSection(ProjectConfigurationPlatforms) = postSolution
		{1D7D22B3-FD11-432D-8AD9-AE79BB556E50}.Debug|Any CPU.ActiveCfg = Debug|Any CPU
		{1D7D22B3-FD11-432D-8AD9-AE79BB556E50}.Debug|Any CPU.Build.0 = Debug|Any CPU
		{1D7D22B3-FD11-432D-8AD9-AE79BB556E50}.Release|Any CPU.ActiveCfg = Release|Any CPU
		{1D7D22B3-FD11-432D-8AD9-AE79BB556E50}.Release|Any CPU.Build.0 = Release|Any CPU
		{A2F2D95A-B433-477F-A916-123F2D160697}.Debug|Any CPU.ActiveCfg = Debug|Any CPU
		{A2F2D95A-B433-477F-A916-123F2D160697}.Debug|Any CPU.Build.0 = Debug|Any CPU
		{A2F2D95A-B433-477F-A916-123F2D160697}.Release|Any CPU.ActiveCfg = Release|Any CPU
		{A2F2D95A-B433-477F-A916-123F2D160697}.Release|Any CPU.Build.0 = Release|Any CPU
	EndGlobalSection
	GlobalSection(SolutionProperties) = preSolution
		HideSolutionNode = FALSE
	EndGlobalSection
	GlobalSection(ExtensibilityGlobals) = postSolution
		SolutionGuid = {89079799-53CF-4EE5-BC2B-058947FFAF73}
	EndGlobalSection
EndGlobal
